
Microsoft Visual Studio Solution File, Format Version 12.00
# Visual Studio Version 17
VisualStudioVersion = 17.6.33829.357
MinimumVisualStudioVersion = 10.0.40219.1
Project("{FAE04EC0-301F-11D3-BF4B-00C04F79EFBC}") = "Starting-Project", "Starting-Project\Starting-Project.csproj", "{506A915F-AD70-4260-8670-99A82302EEAB}"
EndProject
Global
	GlobalSection(SolutionConfigurationPlatforms) = preSolution
		Debug|Any CPU = Debug|Any CPU
		Release|Any CPU = Release|Any CPU
	EndGlobalSection
	GlobalSection(ProjectConfigurationPlatforms) = postSolution
		{506A915F-AD70-4260-8670-99A82302EEAB}.Debug|Any CPU.ActiveCfg = Debug|Any CPU
		{506A915F-AD70-4260-8670-99A82302EEAB}.Debug|Any CPU.Build.0 = Debug|Any CPU
		{506A915F-AD70-4260-8670-99A82302EEAB}.Release|Any CPU.ActiveCfg = Release|Any CPU
		{506A915F-AD70-4260-8670-99A82302EEAB}.Release|Any CPU.Build.0 = Release|Any CPU
	EndGlobalSection
	GlobalSection(SolutionProperties) = preSolution
		HideSolutionNode = FALSE
	EndGlobalSection
	GlobalSection(ExtensibilityGlobals) = postSolution
		SolutionGuid = {B0FEE0E9-F982-40F3-BDDF-AF934BA058A2}
	EndGlobalSection
EndGlobal
